// !$*UTF8*$!
{
	archiveVersion = 1;
	classes = {
	};
	objectVersion = 56;
	objects = {

/* Begin PBXBuildFile section */
		6A10D3E02B6F72E600BBD0C8 /* GlobelModel.swift in Sources */ = {isa = PBXBuildFile; fileRef = 6A10D3DF2B6F72E500BBD0C8 /* GlobelModel.swift */; };
		6A10D3ED2B6F730600BBD0C8 /* Webview.xib in Resources */ = {isa = PBXBuildFile; fileRef = 6A10D3E22B6F730600BBD0C8 /* Webview.xib */; };
		6A10D3EE2B6F730600BBD0C8 /* WelcomeEnd.swift in Sources */ = {isa = PBXBuildFile; fileRef = 6A10D3E42B6F730600BBD0C8 /* WelcomeEnd.swift */; };
		6A10D3EF2B6F730600BBD0C8 /* Welcome.storyboard in Resources */ = {isa = PBXBuildFile; fileRef = 6A10D3E52B6F730600BBD0C8 /* Welcome.storyboard */; };
		6A10D3F02B6F730600BBD0C8 /* WebviewClass.swift in Sources */ = {isa = PBXBuildFile; fileRef = 6A10D3E62B6F730600BBD0C8 /* WebviewClass.swift */; };
		6A10D3F12B6F730600BBD0C8 /* BookmarkCell.swift in Sources */ = {isa = PBXBuildFile; fileRef = 6A10D3E82B6F730600BBD0C8 /* BookmarkCell.swift */; };
		6A10D3F22B6F730600BBD0C8 /* BookmarkCell.xib in Resources */ = {isa = PBXBuildFile; fileRef = 6A10D3E92B6F730600BBD0C8 /* BookmarkCell.xib */; };
		6A10D3F32B6F730600BBD0C8 /* IAPViewController.swift in Sources */ = {isa = PBXBuildFile; fileRef = 6A10D3EB2B6F730600BBD0C8 /* IAPViewController.swift */; };
		6A10D3F42B6F730600BBD0C8 /* IAPViewController.xib in Resources */ = {isa = PBXBuildFile; fileRef = 6A10D3EC2B6F730600BBD0C8 /* IAPViewController.xib */; };
		6AA7D13B2B7541FE00416F8A /* KAPinField.swift in Sources */ = {isa = PBXBuildFile; fileRef = 6AA7D13A2B7541FE00416F8A /* KAPinField.swift */; };
		6AC737482B67E82F0089BBF3 /* AppDelegate.swift in Sources */ = {isa = PBXBuildFile; fileRef = 6AC737472B67E82F0089BBF3 /* AppDelegate.swift */; };
		6AC7374C2B67E82F0089BBF3 /* ViewController.swift in Sources */ = {isa = PBXBuildFile; fileRef = 6AC7374B2B67E82F0089BBF3 /* ViewController.swift */; };
		6AC7374F2B67E82F0089BBF3 /* Main.storyboard in Resources */ = {isa = PBXBuildFile; fileRef = 6AC7374D2B67E82F0089BBF3 /* Main.storyboard */; };
		6AC737512B67E8310089BBF3 /* Assets.xcassets in Resources */ = {isa = PBXBuildFile; fileRef = 6AC737502B67E8310089BBF3 /* Assets.xcassets */; };
		6AC737542B67E8310089BBF3 /* LaunchScreen.storyboard in Resources */ = {isa = PBXBuildFile; fileRef = 6AC737522B67E8310089BBF3 /* LaunchScreen.storyboard */; };
		6AC9BD302B70CA4B00656355 /* PinBookMarkVC.swift in Sources */ = {isa = PBXBuildFile; fileRef = 6AC9BD2F2B70CA4B00656355 /* PinBookMarkVC.swift */; };
/* End PBXBuildFile section */

/* Begin PBXFileReference section */
		6A10D3DF2B6F72E500BBD0C8 /* GlobelModel.swift */ = {isa = PBXFileReference; fileEncoding = 4; lastKnownFileType = sourcecode.swift; path = GlobelModel.swift; sourceTree = "<group>"; };
		6A10D3E22B6F730600BBD0C8 /* Webview.xib */ = {isa = PBXFileReference; fileEncoding = 4; lastKnownFileType = file.xib; path = Webview.xib; sourceTree = "<group>"; };
		6A10D3E42B6F730600BBD0C8 /* WelcomeEnd.swift */ = {isa = PBXFileReference; fileEncoding = 4; lastKnownFileType = sourcecode.swift; path = WelcomeEnd.swift; sourceTree = "<group>"; };
		6A10D3E52B6F730600BBD0C8 /* Welcome.storyboard */ = {isa = PBXFileReference; fileEncoding = 4; lastKnownFileType = file.storyboard; path = Welcome.storyboard; sourceTree = "<group>"; };
		6A10D3E62B6F730600BBD0C8 /* WebviewClass.swift */ = {isa = PBXFileReference; fileEncoding = 4; lastKnownFileType = sourcecode.swift; path = WebviewClass.swift; sourceTree = "<group>"; };
		6A10D3E82B6F730600BBD0C8 /* BookmarkCell.swift */ = {isa = PBXFileReference; fileEncoding = 4; lastKnownFileType = sourcecode.swift; path = BookmarkCell.swift; sourceTree = "<group>"; };
		6A10D3E92B6F730600BBD0C8 /* BookmarkCell.xib */ = {isa = PBXFileReference; fileEncoding = 4; lastKnownFileType = file.xib; path = BookmarkCell.xib; sourceTree = "<group>"; };
		6A10D3EB2B6F730600BBD0C8 /* IAPViewController.swift */ = {isa = PBXFileReference; fileEncoding = 4; lastKnownFileType = sourcecode.swift; path = IAPViewController.swift; sourceTree = "<group>"; };
		6A10D3EC2B6F730600BBD0C8 /* IAPViewController.xib */ = {isa = PBXFileReference; fileEncoding = 4; lastKnownFileType = file.xib; path = IAPViewController.xib; sourceTree = "<group>"; };
		6AA7D13A2B7541FE00416F8A /* KAPinField.swift */ = {isa = PBXFileReference; lastKnownFileType = sourcecode.swift; path = KAPinField.swift; sourceTree = "<group>"; };
		6AC737442B67E82F0089BBF3 /* Private Browser.app */ = {isa = PBXFileReference; explicitFileType = wrapper.application; includeInIndex = 0; path = "Private Browser.app"; sourceTree = BUILT_PRODUCTS_DIR; };
		6AC737472B67E82F0089BBF3 /* AppDelegate.swift */ = {isa = PBXFileReference; lastKnownFileType = sourcecode.swift; path = AppDelegate.swift; sourceTree = "<group>"; };
		6AC7374B2B67E82F0089BBF3 /* ViewController.swift */ = {isa = PBXFileReference; lastKnownFileType = sourcecode.swift; path = ViewController.swift; sourceTree = "<group>"; };
		6AC7374E2B67E82F0089BBF3 /* Base */ = {isa = PBXFileReference; lastKnownFileType = file.storyboard; name = Base; path = Base.lproj/Main.storyboard; sourceTree = "<group>"; };
		6AC737502B67E8310089BBF3 /* Assets.xcassets */ = {isa = PBXFileReference; lastKnownFileType = folder.assetcatalog; path = Assets.xcassets; sourceTree = "<group>"; };
		6AC737532B67E8310089BBF3 /* Base */ = {isa = PBXFileReference; lastKnownFileType = file.storyboard; name = Base; path = Base.lproj/LaunchScreen.storyboard; sourceTree = "<group>"; };
		6AC737552B67E8310089BBF3 /* Info.plist */ = {isa = PBXFileReference; lastKnownFileType = text.plist.xml; path = Info.plist; sourceTree = "<group>"; };
		6AC9BD2F2B70CA4B00656355 /* PinBookMarkVC.swift */ = {isa = PBXFileReference; lastKnownFileType = sourcecode.swift; path = PinBookMarkVC.swift; sourceTree = "<group>"; };
/* End PBXFileReference section */

/* Begin PBXFrameworksBuildPhase section */
		6AC737412B67E82F0089BBF3 /* Frameworks */ = {
			isa = PBXFrameworksBuildPhase;
			buildActionMask = 2147483647;
			files = (
			);
			runOnlyForDeploymentPostprocessing = 0;
		};
/* End PBXFrameworksBuildPhase section */

/* Begin PBXGroup section */
		6A10D3DE2B6F72E500BBD0C8 /* Globel */ = {
			isa = PBXGroup;
			children = (
				6A10D3DF2B6F72E500BBD0C8 /* GlobelModel.swift */,
			);
			path = Globel;
			sourceTree = "<group>";
		};
		6A10D3E12B6F730600BBD0C8 /* Views */ = {
			isa = PBXGroup;
			children = (
				6A10D3E62B6F730600BBD0C8 /* WebviewClass.swift */,
				6A10D3E22B6F730600BBD0C8 /* Webview.xib */,
				6A10D3E32B6F730600BBD0C8 /* Welcome */,
				6A10D3E72B6F730600BBD0C8 /* Cell */,
				6A10D3EA2B6F730600BBD0C8 /* IAP */,
				6AC9BD2F2B70CA4B00656355 /* PinBookMarkVC.swift */,
			);
			path = Views;
			sourceTree = "<group>";
		};
		6A10D3E32B6F730600BBD0C8 /* Welcome */ = {
			isa = PBXGroup;
			children = (
				6A10D3E42B6F730600BBD0C8 /* WelcomeEnd.swift */,
				6A10D3E52B6F730600BBD0C8 /* Welcome.storyboard */,
			);
			path = Welcome;
			sourceTree = "<group>";
		};
		6A10D3E72B6F730600BBD0C8 /* Cell */ = {
			isa = PBXGroup;
			children = (
				6A10D3E82B6F730600BBD0C8 /* BookmarkCell.swift */,
				6A10D3E92B6F730600BBD0C8 /* BookmarkCell.xib */,
			);
			path = Cell;
			sourceTree = "<group>";
		};
		6A10D3EA2B6F730600BBD0C8 /* IAP */ = {
			isa = PBXGroup;
			children = (
				6A10D3EB2B6F730600BBD0C8 /* IAPViewController.swift */,
				6A10D3EC2B6F730600BBD0C8 /* IAPViewController.xib */,
			);
			path = IAP;
			sourceTree = "<group>";
		};
		6AA7D1392B7541F100416F8A /* SDk */ = {
			isa = PBXGroup;
			children = (
				6AA7D13A2B7541FE00416F8A /* KAPinField.swift */,
			);
			path = SDk;
			sourceTree = "<group>";
		};
		6AC7373B2B67E82F0089BBF3 = {
			isa = PBXGroup;
			children = (
				6AC737462B67E82F0089BBF3 /* Private Browser */,
				6AC737452B67E82F0089BBF3 /* Products */,
			);
			sourceTree = "<group>";
		};
		6AC737452B67E82F0089BBF3 /* Products */ = {
			isa = PBXGroup;
			children = (
				6AC737442B67E82F0089BBF3 /* Private Browser.app */,
			);
			name = Products;
			sourceTree = "<group>";
		};
		6AC737462B67E82F0089BBF3 /* Private Browser */ = {
			isa = PBXGroup;
			children = (
				6AA7D1392B7541F100416F8A /* SDk */,
				6A10D3E12B6F730600BBD0C8 /* Views */,
				6A10D3DE2B6F72E500BBD0C8 /* Globel */,
				6AC737472B67E82F0089BBF3 /* AppDelegate.swift */,
				6AC7374B2B67E82F0089BBF3 /* ViewController.swift */,
				6AC7374D2B67E82F0089BBF3 /* Main.storyboard */,
				6AC737502B67E8310089BBF3 /* Assets.xcassets */,
				6AC737522B67E8310089BBF3 /* LaunchScreen.storyboard */,
				6AC737552B67E8310089BBF3 /* Info.plist */,
			);
			path = "Private Browser";
			sourceTree = "<group>";
		};
/* End PBXGroup section */

/* Begin PBXNativeTarget section */
		6AC737432B67E82F0089BBF3 /* Private Browser */ = {
			isa = PBXNativeTarget;
			buildConfigurationList = 6AC737582B67E8310089BBF3 /* Build configuration list for PBXNativeTarget "Private Browser" */;
			buildPhases = (
				6AC737402B67E82F0089BBF3 /* Sources */,
				6AC737412B67E82F0089BBF3 /* Frameworks */,
				6AC737422B67E82F0089BBF3 /* Resources */,
			);
			buildRules = (
			);
			dependencies = (
			);
			name = "Private Browser";
			packageProductDependencies = (
			);
			productName = "Private Browser";
			productReference = 6AC737442B67E82F0089BBF3 /* Private Browser.app */;
			productType = "com.apple.product-type.application";
		};
/* End PBXNativeTarget section */

/* Begin PBXProject section */
		6AC7373C2B67E82F0089BBF3 /* Project object */ = {
			isa = PBXProject;
			attributes = {
				BuildIndependentTargetsInParallel = 1;
				LastSwiftUpdateCheck = 1410;
				LastUpgradeCheck = 1410;
				TargetAttributes = {
					6AC737432B67E82F0089BBF3 = {
						CreatedOnToolsVersion = 14.1;
					};
				};
			};
			buildConfigurationList = 6AC7373F2B67E82F0089BBF3 /* Build configuration list for PBXProject "Private Browser" */;
			compatibilityVersion = "Xcode 14.0";
			developmentRegion = en;
			hasScannedForEncodings = 0;
			knownRegions = (
				en,
				Base,
			);
			mainGroup = 6AC7373B2B67E82F0089BBF3;
			packageReferences = (
			);
			productRefGroup = 6AC737452B67E82F0089BBF3 /* Products */;
			projectDirPath = "";
			projectRoot = "";
			targets = (
				6AC737432B67E82F0089BBF3 /* Private Browser */,
			);
		};
/* End PBXProject section */

/* Begin PBXResourcesBuildPhase section */
		6AC737422B67E82F0089BBF3 /* Resources */ = {
			isa = PBXResourcesBuildPhase;
			buildActionMask = 2147483647;
			files = (
				6AC737542B67E8310089BBF3 /* LaunchScreen.storyboard in Resources */,
				6A10D3F22B6F730600BBD0C8 /* BookmarkCell.xib in Resources */,
				6A10D3ED2B6F730600BBD0C8 /* Webview.xib in Resources */,
				6AC737512B67E8310089BBF3 /* Assets.xcassets in Resources */,
				6AC7374F2B67E82F0089BBF3 /* Main.storyboard in Resources */,
				6A10D3EF2B6F730600BBD0C8 /* Welcome.storyboard in Resources */,
				6A10D3F42B6F730600BBD0C8 /* IAPViewController.xib in Resources */,
			);
			runOnlyForDeploymentPostprocessing = 0;
		};
/* End PBXResourcesBuildPhase section */

/* Begin PBXSourcesBuildPhase section */
		6AC737402B67E82F0089BBF3 /* Sources */ = {
			isa = PBXSourcesBuildPhase;
			buildActionMask = 2147483647;
			files = (
				6AC7374C2B67E82F0089BBF3 /* ViewController.swift in Sources */,
				6A10D3F12B6F730600BBD0C8 /* BookmarkCell.swift in Sources */,
				6AC737482B67E82F0089BBF3 /* AppDelegate.swift in Sources */,
				6A10D3F32B6F730600BBD0C8 /* IAPViewController.swift in Sources */,
				6AA7D13B2B7541FE00416F8A /* KAPinField.swift in Sources */,
				6AC9BD302B70CA4B00656355 /* PinBookMarkVC.swift in Sources */,
				6A10D3F02B6F730600BBD0C8 /* WebviewClass.swift in Sources */,
				6A10D3EE2B6F730600BBD0C8 /* WelcomeEnd.swift in Sources */,
				6A10D3E02B6F72E600BBD0C8 /* GlobelModel.swift in Sources */,
			);
			runOnlyForDeploymentPostprocessing = 0;
		};
/* End PBXSourcesBuildPhase section */

/* Begin PBXVariantGroup section */
		6AC7374D2B67E82F0089BBF3 /* Main.storyboard */ = {
			isa = PBXVariantGroup;
			children = (
				6AC7374E2B67E82F0089BBF3 /* Base */,
			);
			name = Main.storyboard;
			sourceTree = "<group>";
		};
		6AC737522B67E8310089BBF3 /* LaunchScreen.storyboard */ = {
			isa = PBXVariantGroup;
			children = (
				6AC737532B67E8310089BBF3 /* Base */,
			);
			name = LaunchScreen.storyboard;
			sourceTree = "<group>";
		};
/* End PBXVariantGroup section */

/* Begin XCBuildConfiguration section */
		6AC737562B67E8310089BBF3 /* Debug */ = {
			isa = XCBuildConfiguration;
			buildSettings = {
				ALWAYS_SEARCH_USER_PATHS = NO;
				CLANG_ANALYZER_NONNULL = YES;
				CLANG_ANALYZER_NUMBER_OBJECT_CONVERSION = YES_AGGRESSIVE;
				CLANG_CXX_LANGUAGE_STANDARD = "gnu++20";
				CLANG_ENABLE_MODULES = YES;
				CLANG_ENABLE_OBJC_ARC = YES;
				CLANG_ENABLE_OBJC_WEAK = YES;
				CLANG_WARN_BLOCK_CAPTURE_AUTORELEASING = YES;
				CLANG_WARN_BOOL_CONVERSION = YES;
				CLANG_WARN_COMMA = YES;
				CLANG_WARN_CONSTANT_CONVERSION = YES;
				CLANG_WARN_DEPRECATED_OBJC_IMPLEMENTATIONS = YES;
				CLANG_WARN_DIRECT_OBJC_ISA_USAGE = YES_ERROR;
				CLANG_WARN_DOCUMENTATION_COMMENTS = YES;
				CLANG_WARN_EMPTY_BODY = YES;
				CLANG_WARN_ENUM_CONVERSION = YES;
				CLANG_WARN_INFINITE_RECURSION = YES;
				CLANG_WARN_INT_CONVERSION = YES;
				CLANG_WARN_NON_LITERAL_NULL_CONVERSION = YES;
				CLANG_WARN_OBJC_IMPLICIT_RETAIN_SELF = YES;
				CLANG_WARN_OBJC_LITERAL_CONVERSION = YES;
				CLANG_WARN_OBJC_ROOT_CLASS = YES_ERROR;
				CLANG_WARN_QUOTED_INCLUDE_IN_FRAMEWORK_HEADER = YES;
				CLANG_WARN_RANGE_LOOP_ANALYSIS = YES;
				CLANG_WARN_STRICT_PROTOTYPES = YES;
				CLANG_WARN_SUSPICIOUS_MOVE = YES;
				CLANG_WARN_UNGUARDED_AVAILABILITY = YES_AGGRESSIVE;
				CLANG_WARN_UNREACHABLE_CODE = YES;
				CLANG_WARN__DUPLICATE_METHOD_MATCH = YES;
				COPY_PHASE_STRIP = NO;
				DEBUG_INFORMATION_FORMAT = dwarf;
				ENABLE_STRICT_OBJC_MSGSEND = YES;
				ENABLE_TESTABILITY = YES;
				GCC_C_LANGUAGE_STANDARD = gnu11;
				GCC_DYNAMIC_NO_PIC = NO;
				GCC_NO_COMMON_BLOCKS = YES;
				GCC_OPTIMIZATION_LEVEL = 0;
				GCC_PREPROCESSOR_DEFINITIONS = (
					"DEBUG=1",
					"$(inherited)",
				);
				GCC_WARN_64_TO_32_BIT_CONVERSION = YES;
				GCC_WARN_ABOUT_RETURN_TYPE = YES_ERROR;
				GCC_WARN_UNDECLARED_SELECTOR = YES;
				GCC_WARN_UNINITIALIZED_AUTOS = YES_AGGRESSIVE;
				GCC_WARN_UNUSED_FUNCTION = YES;
				GCC_WARN_UNUSED_VARIABLE = YES;
				IPHONEOS_DEPLOYMENT_TARGET = 16.1;
				MTL_ENABLE_DEBUG_INFO = INCLUDE_SOURCE;
				MTL_FAST_MATH = YES;
				ONLY_ACTIVE_ARCH = YES;
				SDKROOT = iphoneos;
				SWIFT_ACTIVE_COMPILATION_CONDITIONS = DEBUG;
				SWIFT_OPTIMIZATION_LEVEL = "-Onone";
			};
			name = Debug;
		};
		6AC737572B67E8310089BBF3 /* Release */ = {
			isa = XCBuildConfiguration;
			buildSettings = {
				ALWAYS_SEARCH_USER_PATHS = NO;
				CLANG_ANALYZER_NONNULL = YES;
				CLANG_ANALYZER_NUMBER_OBJECT_CONVERSION = YES_AGGRESSIVE;
				CLANG_CXX_LANGUAGE_STANDARD = "gnu++20";
				CLANG_ENABLE_MODULES = YES;
				CLANG_ENABLE_OBJC_ARC = YES;
				CLANG_ENABLE_OBJC_WEAK = YES;
				CLANG_WARN_BLOCK_CAPTURE_AUTORELEASING = YES;
				CLANG_WARN_BOOL_CONVERSION = YES;
				CLANG_WARN_COMMA = YES;
				CLANG_WARN_CONSTANT_CONVERSION = YES;
				CLANG_WARN_DEPRECATED_OBJC_IMPLEMENTATIONS = YES;
				CLANG_WARN_DIRECT_OBJC_ISA_USAGE = YES_ERROR;
				CLANG_WARN_DOCUMENTATION_COMMENTS = YES;
				CLANG_WARN_EMPTY_BODY = YES;
				CLANG_WARN_ENUM_CONVERSION = YES;
				CLANG_WARN_INFINITE_RECURSION = YES;
				CLANG_WARN_INT_CONVERSION = YES;
				CLANG_WARN_NON_LITERAL_NULL_CONVERSION = YES;
				CLANG_WARN_OBJC_IMPLICIT_RETAIN_SELF = YES;
				CLANG_WARN_OBJC_LITERAL_CONVERSION = YES;
				CLANG_WARN_OBJC_ROOT_CLASS = YES_ERROR;
				CLANG_WARN_QUOTED_INCLUDE_IN_FRAMEWORK_HEADER = YES;
				CLANG_WARN_RANGE_LOOP_ANALYSIS = YES;
				CLANG_WARN_STRICT_PROTOTYPES = YES;
				CLANG_WARN_SUSPICIOUS_MOVE = YES;
				CLANG_WARN_UNGUARDED_AVAILABILITY = YES_AGGRESSIVE;
				CLANG_WARN_UNREACHABLE_CODE = YES;
				CLANG_WARN__DUPLICATE_METHOD_MATCH = YES;
				COPY_PHASE_STRIP = NO;
				DEBUG_INFORMATION_FORMAT = "dwarf-with-dsym";
				ENABLE_NS_ASSERTIONS = NO;
				ENABLE_STRICT_OBJC_MSGSEND = YES;
				GCC_C_LANGUAGE_STANDARD = gnu11;
				GCC_NO_COMMON_BLOCKS = YES;
				GCC_WARN_64_TO_32_BIT_CONVERSION = YES;
				GCC_WARN_ABOUT_RETURN_TYPE = YES_ERROR;
				GCC_WARN_UNDECLARED_SELECTOR = YES;
				GCC_WARN_UNINITIALIZED_AUTOS = YES_AGGRESSIVE;
				GCC_WARN_UNUSED_FUNCTION = YES;
				GCC_WARN_UNUSED_VARIABLE = YES;
				IPHONEOS_DEPLOYMENT_TARGET = 16.1;
				MTL_ENABLE_DEBUG_INFO = NO;
				MTL_FAST_MATH = YES;
				SDKROOT = iphoneos;
				SWIFT_COMPILATION_MODE = wholemodule;
				SWIFT_OPTIMIZATION_LEVEL = "-O";
				VALIDATE_PRODUCT = YES;
			};
			name = Release;
		};
		6AC737592B67E8310089BBF3 /* Debug */ = {
			isa = XCBuildConfiguration;
			buildSettings = {
				ASSETCATALOG_COMPILER_APPICON_NAME = AppIcon;
				ASSETCATALOG_COMPILER_GLOBAL_ACCENT_COLOR_NAME = AccentColor;
				CODE_SIGN_STYLE = Automatic;
				CURRENT_PROJECT_VERSION = 1;
				DEVELOPMENT_TEAM = 959YZPX78D;
				GENERATE_INFOPLIST_FILE = YES;
				INFOPLIST_FILE = "Private Browser/Info.plist";
				INFOPLIST_KEY_UIApplicationSupportsIndirectInputEvents = YES;
				INFOPLIST_KEY_UILaunchStoryboardName = LaunchScreen;
				INFOPLIST_KEY_UIMainStoryboardFile = Main;
				INFOPLIST_KEY_UISupportedInterfaceOrientations_iPad = "UIInterfaceOrientationPortrait UIInterfaceOrientationPortraitUpsideDown UIInterfaceOrientationLandscapeLeft UIInterfaceOrientationLandscapeRight";
				INFOPLIST_KEY_UISupportedInterfaceOrientations_iPhone = "UIInterfaceOrientationPortrait UIInterfaceOrientationLandscapeLeft UIInterfaceOrientationLandscapeRight";
				LD_RUNPATH_SEARCH_PATHS = (
					"$(inherited)",
					"@executable_path/Frameworks",
				);
				MARKETING_VERSION = 1.0;
				PRODUCT_BUNDLE_IDENTIFIER = "apps15.Private-Browser";
				PRODUCT_NAME = "$(TARGET_NAME)";
				SWIFT_EMIT_LOC_STRINGS = YES;
				SWIFT_VERSION = 5.0;
				TARGETED_DEVICE_FAMILY = "1,2";
			};
			name = Debug;
		};
		6AC7375A2B67E8310089BBF3 /* Release */ = {
			isa = XCBuildConfiguration;
			buildSettings = {
				ASSETCATALOG_COMPILER_APPICON_NAME = AppIcon;
				ASSETCATALOG_COMPILER_GLOBAL_ACCENT_COLOR_NAME = AccentColor;
				CODE_SIGN_STYLE = Automatic;
				CURRENT_PROJECT_VERSION = 1;
				DEVELOPMENT_TEAM = 959YZPX78D;
				GENERATE_INFOPLIST_FILE = YES;
				INFOPLIST_FILE = "Private Browser/Info.plist";
				INFOPLIST_KEY_UIApplicationSupportsIndirectInputEvents = YES;
				INFOPLIST_KEY_UILaunchStoryboardName = LaunchScreen;
				INFOPLIST_KEY_UIMainStoryboardFile = Main;
				INFOPLIST_KEY_UISupportedInterfaceOrientations_iPad = "UIInterfaceOrientationPortrait UIInterfaceOrientationPortraitUpsideDown UIInterfaceOrientationLandscapeLeft UIInterfaceOrientationLandscapeRight";
				INFOPLIST_KEY_UISupportedInterfaceOrientations_iPhone = "UIInterfaceOrientationPortrait UIInterfaceOrientationLandscapeLeft UIInterfaceOrientationLandscapeRight";
				LD_RUNPATH_SEARCH_PATHS = (
					"$(inherited)",
					"@executable_path/Frameworks",
				);
				MARKETING_VERSION = 1.0;
				PRODUCT_BUNDLE_IDENTIFIER = "apps15.Private-Browser";
				PRODUCT_NAME = "$(TARGET_NAME)";
				SWIFT_EMIT_LOC_STRINGS = YES;
				SWIFT_VERSION = 5.0;
				TARGETED_DEVICE_FAMILY = "1,2";
			};
			name = Release;
		};
/* End XCBuildConfiguration section */

/* Begin XCConfigurationList section */
		6AC7373F2B67E82F0089BBF3 /* Build configuration list for PBXProject "Private Browser" */ = {
			isa = XCConfigurationList;
			buildConfigurations = (
				6AC737562B67E8310089BBF3 /* Debug */,
				6AC737572B67E8310089BBF3 /* Release */,
			);
			defaultConfigurationIsVisible = 0;
			defaultConfigurationName = Release;
		};
		6AC737582B67E8310089BBF3 /* Build configuration list for PBXNativeTarget "Private Browser" */ = {
			isa = XCConfigurationList;
			buildConfigurations = (
				6AC737592B67E8310089BBF3 /* Debug */,
				6AC7375A2B67E8310089BBF3 /* Release */,
			);
			defaultConfigurationIsVisible = 0;
			defaultConfigurationName = Release;
		};
/* End XCConfigurationList section */
	};
	rootObject = 6AC7373C2B67E82F0089BBF3 /* Project object */;
}
